
Microsoft Visual Studio Solution File, Format Version 12.00
# Visual Studio Version 17
VisualStudioVersion = 17.0.31903.59
MinimumVisualStudioVersion = 10.0.40219.1
Project("{2150E333-8FDC-42A3-9474-1A3956D46DE8}") = "src", "src", "{827E0CD3-B72D-47B6-A68D-7590B98EB39B}"
EndProject
Project("{FAE04EC0-301F-11D3-BF4B-00C04F79EFBC}") = "MiniErp.Api", "src\MiniErp.Api\MiniErp.Api.csproj", "{B3156B2E-1B6D-4494-8443-40FB8E872878}"
EndProject
Project("{FAE04EC0-301F-11D3-BF4B-00C04F79EFBC}") = "MiniErp.Web", "src\MiniErp.Web\MiniErp.Web.csproj", "{1F90BC56-8E2B-48D4-A5C2-A56D18121BBF}"
EndProject
Global
	GlobalSection(SolutionConfigurationPlatforms) = preSolution
		Debug|Any CPU = Debug|Any CPU
		Debug|x64 = Debug|x64
		Debug|x86 = Debug|x86
		Release|Any CPU = Release|Any CPU
		Release|x64 = Release|x64
		Release|x86 = Release|x86
	EndGlobalSection
	GlobalSection(ProjectConfigurationPlatforms) = postSolution
		{B3156B2E-1B6D-4494-8443-40FB8E872878}.Debug|Any CPU.ActiveCfg = Debug|Any CPU
		{B3156B2E-1B6D-4494-8443-40FB8E872878}.Debug|Any CPU.Build.0 = Debug|Any CPU
		{B3156B2E-1B6D-4494-8443-40FB8E872878}.Debug|x64.ActiveCfg = Debug|Any CPU
		{B3156B2E-1B6D-4494-8443-40FB8E872878}.Debug|x64.Build.0 = Debug|Any CPU
		{B3156B2E-1B6D-4494-8443-40FB8E872878}.Debug|x86.ActiveCfg = Debug|Any CPU
		{B3156B2E-1B6D-4494-8443-40FB8E872878}.Debug|x86.Build.0 = Debug|Any CPU
		{B3156B2E-1B6D-4494-8443-40FB8E872878}.Release|Any CPU.ActiveCfg = Release|Any CPU
		{B3156B2E-1B6D-4494-8443-40FB8E872878}.Release|Any CPU.Build.0 = Release|Any CPU
		{B3156B2E-1B6D-4494-8443-40FB8E872878}.Release|x64.ActiveCfg = Release|Any CPU
		{B3156B2E-1B6D-4494-8443-40FB8E872878}.Release|x64.Build.0 = Release|Any CPU
		{B3156B2E-1B6D-4494-8443-40FB8E872878}.Release|x86.ActiveCfg = Release|Any CPU
		{B3156B2E-1B6D-4494-8443-40FB8E872878}.Release|x86.Build.0 = Release|Any CPU
		{1F90BC56-8E2B-48D4-A5C2-A56D18121BBF}.Debug|Any CPU.ActiveCfg = Debug|Any CPU
		{1F90BC56-8E2B-48D4-A5C2-A56D18121BBF}.Debug|Any CPU.Build.0 = Debug|Any CPU
		{1F90BC56-8E2B-48D4-A5C2-A56D18121BBF}.Debug|x64.ActiveCfg = Debug|Any CPU
		{1F90BC56-8E2B-48D4-A5C2-A56D18121BBF}.Debug|x64.Build.0 = Debug|Any CPU
		{1F90BC56-8E2B-48D4-A5C2-A56D18121BBF}.Debug|x86.ActiveCfg = Debug|Any CPU
		{1F90BC56-8E2B-48D4-A5C2-A56D18121BBF}.Debug|x86.Build.0 = Debug|Any CPU
		{1F90BC56-8E2B-48D4-A5C2-A56D18121BBF}.Release|Any CPU.ActiveCfg = Release|Any CPU
		{1F90BC56-8E2B-48D4-A5C2-A56D18121BBF}.Release|Any CPU.Build.0 = Release|Any CPU
		{1F90BC56-8E2B-48D4-A5C2-A56D18121BBF}.Release|x64.ActiveCfg = Release|Any CPU
		{1F90BC56-8E2B-48D4-A5C2-A56D18121BBF}.Release|x64.Build.0 = Release|Any CPU
		{1F90BC56-8E2B-48D4-A5C2-A56D18121BBF}.Release|x86.ActiveCfg = Release|Any CPU
		{1F90BC56-8E2B-48D4-A5C2-A56D18121BBF}.Release|x86.Build.0 = Release|Any CPU
	EndGlobalSection
	GlobalSection(SolutionProperties) = preSolution
		HideSolutionNode = FALSE
	EndGlobalSection
	GlobalSection(NestedProjects) = preSolution
		{B3156B2E-1B6D-4494-8443-40FB8E872878} = {827E0CD3-B72D-47B6-A68D-7590B98EB39B}
		{1F90BC56-8E2B-48D4-A5C2-A56D18121BBF} = {827E0CD3-B72D-47B6-A68D-7590B98EB39B}
	EndGlobalSection
EndGlobal
